// !$*UTF8*$!
{
	archiveVersion = 1;
	classes = {
	};
	objectVersion = 56;
	objects = {

/* Begin PBXBuildFile section */
		1A27474129F74688003F818B /* AppDelegate.m in Sources */ = {isa = PBXBuildFile; fileRef = 1A27474029F74688003F818B /* AppDelegate.m */; };
		1A27474429F74688003F818B /* ViewController.m in Sources */ = {isa = PBXBuildFile; fileRef = 1A27474329F74688003F818B /* ViewController.m */; };
		1A27474629F74689003F818B /* Assets.xcassets in Resources */ = {isa = PBXBuildFile; fileRef = 1A27474529F74689003F818B /* Assets.xcassets */; };
		1A27474929F74689003F818B /* Main.storyboard in Resources */ = {isa = PBXBuildFile; fileRef = 1A27474729F74689003F818B /* Main.storyboard */; };
		1A27474B29F74689003F818B /* main.mm in Sources */ = {isa = PBXBuildFile; fileRef = 1A27474A29F74689003F818B /* main.mm */; };
		1A27477B29F75A0A003F818B /* FontReader.cpp in Sources */ = {isa = PBXBuildFile; fileRef = 1A27477929F75A0A003F818B /* FontReader.cpp */; };
		1AC410A829F8617D00031C39 /* libCGL.a in Frameworks */ = {isa = PBXBuildFile; fileRef = 1AC410A329F8616600031C39 /* libCGL.a */; };
		1AC410AF29F8710F00031C39 /* SF-Pro.ttf in Resources */ = {isa = PBXBuildFile; fileRef = 1AC410AE29F8710F00031C39 /* SF-Pro.ttf */; };
		1AC410B129F8768400031C39 /* Lato-Regular.ttf in Resources */ = {isa = PBXBuildFile; fileRef = 1AC410B029F8768400031C39 /* Lato-Regular.ttf */; };
/* End PBXBuildFile section */

/* Begin PBXContainerItemProxy section */
		1AC410A229F8616600031C39 /* PBXContainerItemProxy */ = {
			isa = PBXContainerItemProxy;
			containerPortal = 1AC4109829F8616600031C39 /* CGL.xcodeproj */;
			proxyType = 2;
			remoteGlobalIDString = 8D3794BE390E4EA593EEEF66;
			remoteInfo = CGL;
		};
		1AC410A429F8616600031C39 /* PBXContainerItemProxy */ = {
			isa = PBXContainerItemProxy;
			containerPortal = 1AC4109829F8616600031C39 /* CGL.xcodeproj */;
			proxyType = 2;
			remoteGlobalIDString = 3AA35B52EC7B40ECA55EFD0E;
			remoteInfo = glew;
		};
		1AC410A629F8616600031C39 /* PBXContainerItemProxy */ = {
			isa = PBXContainerItemProxy;
			containerPortal = 1AC4109829F8616600031C39 /* CGL.xcodeproj */;
			proxyType = 2;
			remoteGlobalIDString = BFD77BBE2BCC4B9B9B35B7A6;
			remoteInfo = glfw;
		};
		1AC410AB29F8642E00031C39 /* PBXContainerItemProxy */ = {
			isa = PBXContainerItemProxy;
			containerPortal = 1AC4109829F8616600031C39 /* CGL.xcodeproj */;
			proxyType = 1;
			remoteGlobalIDString = 6C4994A03E03458DB3FC0140;
			remoteInfo = CGL;
		};
/* End PBXContainerItemProxy section */

/* Begin PBXCopyFilesBuildPhase section */
		1AC4109729F844DD00031C39 /* Embed Libraries */ = {
			isa = PBXCopyFilesBuildPhase;
			buildActionMask = 2147483647;
			dstPath = "";
			dstSubfolderSpec = 10;
			files = (
			);
			name = "Embed Libraries";
			runOnlyForDeploymentPostprocessing = 0;
		};
/* End PBXCopyFilesBuildPhase section */

/* Begin PBXFileReference section */
		1A27473C29F74688003F818B /* TextKit.app */ = {isa = PBXFileReference; explicitFileType = wrapper.application; includeInIndex = 0; path = TextKit.app; sourceTree = BUILT_PRODUCTS_DIR; };
		1A27473F29F74688003F818B /* AppDelegate.h */ = {isa = PBXFileReference; lastKnownFileType = sourcecode.c.h; path = AppDelegate.h; sourceTree = "<group>"; };
		1A27474029F74688003F818B /* AppDelegate.m */ = {isa = PBXFileReference; lastKnownFileType = sourcecode.c.objc; path = AppDelegate.m; sourceTree = "<group>"; };
		1A27474229F74688003F818B /* ViewController.h */ = {isa = PBXFileReference; lastKnownFileType = sourcecode.c.h; path = ViewController.h; sourceTree = "<group>"; };
		1A27474329F74688003F818B /* ViewController.m */ = {isa = PBXFileReference; lastKnownFileType = sourcecode.c.objc; path = ViewController.m; sourceTree = "<group>"; };
		1A27474529F74689003F818B /* Assets.xcassets */ = {isa = PBXFileReference; lastKnownFileType = folder.assetcatalog; path = Assets.xcassets; sourceTree = "<group>"; };
		1A27474829F74689003F818B /* Base */ = {isa = PBXFileReference; lastKnownFileType = file.storyboard; name = Base; path = Base.lproj/Main.storyboard; sourceTree = "<group>"; };
		1A27474A29F74689003F818B /* main.mm */ = {isa = PBXFileReference; explicitFileType = sourcecode.cpp.objcpp; path = main.mm; sourceTree = "<group>"; };
		1A27474C29F74689003F818B /* TextKit.entitlements */ = {isa = PBXFileReference; lastKnownFileType = text.plist.entitlements; path = TextKit.entitlements; sourceTree = "<group>"; };
		1A27477929F75A0A003F818B /* FontReader.cpp */ = {isa = PBXFileReference; lastKnownFileType = sourcecode.cpp.cpp; path = FontReader.cpp; sourceTree = "<group>"; };
		1A27477A29F75A0A003F818B /* FontReader.hpp */ = {isa = PBXFileReference; explicitFileType = sourcecode.cpp.h; path = FontReader.hpp; sourceTree = "<group>"; };
		1AC4109029F841CE00031C39 /* BezierCurves.hpp */ = {isa = PBXFileReference; lastKnownFileType = sourcecode.cpp.h; path = BezierCurves.hpp; sourceTree = "<group>"; };
		1AC4109829F8616600031C39 /* CGL.xcodeproj */ = {isa = PBXFileReference; lastKnownFileType = "wrapper.pb-project"; name = CGL.xcodeproj; path = CGL/CGL.xcodeproj; sourceTree = "<group>"; };
		1AC410AE29F8710F00031C39 /* SF-Pro.ttf */ = {isa = PBXFileReference; lastKnownFileType = file; path = "SF-Pro.ttf"; sourceTree = "<group>"; };
		1AC410B029F8768400031C39 /* Lato-Regular.ttf */ = {isa = PBXFileReference; lastKnownFileType = file; path = "Lato-Regular.ttf"; sourceTree = "<group>"; };
/* End PBXFileReference section */

/* Begin PBXFrameworksBuildPhase section */
		1A27473929F74688003F818B /* Frameworks */ = {
			isa = PBXFrameworksBuildPhase;
			buildActionMask = 2147483647;
			files = (
				1AC410A829F8617D00031C39 /* libCGL.a in Frameworks */,
			);
			runOnlyForDeploymentPostprocessing = 0;
		};
/* End PBXFrameworksBuildPhase section */

/* Begin PBXGroup section */
		1A27473329F74688003F818B = {
			isa = PBXGroup;
			children = (
				1AC4109829F8616600031C39 /* CGL.xcodeproj */,
				1A27473E29F74688003F818B /* TextKit */,
				1A27473D29F74688003F818B /* Products */,
				1A27477C29F76168003F818B /* Frameworks */,
			);
			sourceTree = "<group>";
		};
		1A27473D29F74688003F818B /* Products */ = {
			isa = PBXGroup;
			children = (
				1A27473C29F74688003F818B /* TextKit.app */,
			);
			name = Products;
			sourceTree = "<group>";
		};
		1A27473E29F74688003F818B /* TextKit */ = {
			isa = PBXGroup;
			children = (
				1AC410AD29F8706D00031C39 /* assets */,
				1A27473F29F74688003F818B /* AppDelegate.h */,
				1A27474029F74688003F818B /* AppDelegate.m */,
				1A27474229F74688003F818B /* ViewController.h */,
				1A27474329F74688003F818B /* ViewController.m */,
				1A27474529F74689003F818B /* Assets.xcassets */,
				1A27474729F74689003F818B /* Main.storyboard */,
				1A27474A29F74689003F818B /* main.mm */,
				1A27474C29F74689003F818B /* TextKit.entitlements */,
				1A27477929F75A0A003F818B /* FontReader.cpp */,
				1A27477A29F75A0A003F818B /* FontReader.hpp */,
				1AC4109029F841CE00031C39 /* BezierCurves.hpp */,
			);
			path = TextKit;
			sourceTree = "<group>";
		};
		1A27477C29F76168003F818B /* Frameworks */ = {
			isa = PBXGroup;
			children = (
			);
			name = Frameworks;
			sourceTree = "<group>";
		};
		1AC4109929F8616600031C39 /* Products */ = {
			isa = PBXGroup;
			children = (
				1AC410A329F8616600031C39 /* libCGL.a */,
				1AC410A529F8616600031C39 /* libglew.a */,
				1AC410A729F8616600031C39 /* libglfw3.a */,
			);
			name = Products;
			sourceTree = "<group>";
		};
		1AC410AD29F8706D00031C39 /* assets */ = {
			isa = PBXGroup;
			children = (
				1AC410B029F8768400031C39 /* Lato-Regular.ttf */,
				1AC410AE29F8710F00031C39 /* SF-Pro.ttf */,
			);
			path = assets;
			sourceTree = "<group>";
		};
/* End PBXGroup section */

/* Begin PBXNativeTarget section */
		1A27473B29F74688003F818B /* TextKit */ = {
			isa = PBXNativeTarget;
			buildConfigurationList = 1A27474F29F74689003F818B /* Build configuration list for PBXNativeTarget "TextKit" */;
			buildPhases = (
				1A27473829F74688003F818B /* Sources */,
				1A27473929F74688003F818B /* Frameworks */,
				1A27473A29F74688003F818B /* Resources */,
				1AC4109729F844DD00031C39 /* Embed Libraries */,
			);
			buildRules = (
			);
			dependencies = (
				1AC410AC29F8642E00031C39 /* PBXTargetDependency */,
			);
			name = TextKit;
			productName = TextKit;
			productReference = 1A27473C29F74688003F818B /* TextKit.app */;
			productType = "com.apple.product-type.application";
		};
/* End PBXNativeTarget section */

/* Begin PBXProject section */
		1A27473429F74688003F818B /* Project object */ = {
			isa = PBXProject;
			attributes = {
				BuildIndependentTargetsInParallel = 1;
				LastUpgradeCheck = 1430;
				TargetAttributes = {
					1A27473B29F74688003F818B = {
						CreatedOnToolsVersion = 14.3;
					};
				};
			};
			buildConfigurationList = 1A27473729F74688003F818B /* Build configuration list for PBXProject "TextKit" */;
			compatibilityVersion = "Xcode 14.0";
			developmentRegion = en;
			hasScannedForEncodings = 0;
			knownRegions = (
				en,
				Base,
			);
			mainGroup = 1A27473329F74688003F818B;
			productRefGroup = 1A27473D29F74688003F818B /* Products */;
			projectDirPath = "";
			projectReferences = (
				{
					ProductGroup = 1AC4109929F8616600031C39 /* Products */;
					ProjectRef = 1AC4109829F8616600031C39 /* CGL.xcodeproj */;
				},
			);
			projectRoot = "";
			targets = (
				1A27473B29F74688003F818B /* TextKit */,
			);
		};
/* End PBXProject section */

/* Begin PBXReferenceProxy section */
		1AC410A329F8616600031C39 /* libCGL.a */ = {
			isa = PBXReferenceProxy;
			fileType = archive.ar;
			path = libCGL.a;
			remoteRef = 1AC410A229F8616600031C39 /* PBXContainerItemProxy */;
			sourceTree = BUILT_PRODUCTS_DIR;
		};
		1AC410A529F8616600031C39 /* libglew.a */ = {
			isa = PBXReferenceProxy;
			fileType = archive.ar;
			path = libglew.a;
			remoteRef = 1AC410A429F8616600031C39 /* PBXContainerItemProxy */;
			sourceTree = BUILT_PRODUCTS_DIR;
		};
		1AC410A729F8616600031C39 /* libglfw3.a */ = {
			isa = PBXReferenceProxy;
			fileType = archive.ar;
			path = libglfw3.a;
			remoteRef = 1AC410A629F8616600031C39 /* PBXContainerItemProxy */;
			sourceTree = BUILT_PRODUCTS_DIR;
		};
/* End PBXReferenceProxy section */

/* Begin PBXResourcesBuildPhase section */
		1A27473A29F74688003F818B /* Resources */ = {
			isa = PBXResourcesBuildPhase;
			buildActionMask = 2147483647;
			files = (
				1A27474629F74689003F818B /* Assets.xcassets in Resources */,
				1AC410AF29F8710F00031C39 /* SF-Pro.ttf in Resources */,
				1A27474929F74689003F818B /* Main.storyboard in Resources */,
				1AC410B129F8768400031C39 /* Lato-Regular.ttf in Resources */,
			);
			runOnlyForDeploymentPostprocessing = 0;
		};
/* End PBXResourcesBuildPhase section */

/* Begin PBXSourcesBuildPhase section */
		1A27473829F74688003F818B /* Sources */ = {
			isa = PBXSourcesBuildPhase;
			buildActionMask = 2147483647;
			files = (
				1A27474429F74688003F818B /* ViewController.m in Sources */,
				1A27477B29F75A0A003F818B /* FontReader.cpp in Sources */,
				1A27474B29F74689003F818B /* main.mm in Sources */,
				1A27474129F74688003F818B /* AppDelegate.m in Sources */,
			);
			runOnlyForDeploymentPostprocessing = 0;
		};
/* End PBXSourcesBuildPhase section */

/* Begin PBXTargetDependency section */
		1AC410AC29F8642E00031C39 /* PBXTargetDependency */ = {
			isa = PBXTargetDependency;
			name = CGL;
			targetProxy = 1AC410AB29F8642E00031C39 /* PBXContainerItemProxy */;
		};
/* End PBXTargetDependency section */

/* Begin PBXVariantGroup section */
		1A27474729F74689003F818B /* Main.storyboard */ = {
			isa = PBXVariantGroup;
			children = (
				1A27474829F74689003F818B /* Base */,
			);
			name = Main.storyboard;
			sourceTree = "<group>";
		};
/* End PBXVariantGroup section */

/* Begin XCBuildConfiguration section */
		1A27474D29F74689003F818B /* Debug */ = {
			isa = XCBuildConfiguration;
			buildSettings = {
				ALWAYS_SEARCH_USER_PATHS = NO;
				CLANG_ANALYZER_NONNULL = YES;
				CLANG_ANALYZER_NUMBER_OBJECT_CONVERSION = YES_AGGRESSIVE;
				CLANG_CXX_LANGUAGE_STANDARD = "gnu++20";
				CLANG_ENABLE_MODULES = YES;
				CLANG_ENABLE_OBJC_ARC = YES;
				CLANG_ENABLE_OBJC_WEAK = YES;
				CLANG_WARN_BLOCK_CAPTURE_AUTORELEASING = YES;
				CLANG_WARN_BOOL_CONVERSION = YES;
				CLANG_WARN_COMMA = YES;
				CLANG_WARN_CONSTANT_CONVERSION = YES;
				CLANG_WARN_DEPRECATED_OBJC_IMPLEMENTATIONS = YES;
				CLANG_WARN_DIRECT_OBJC_ISA_USAGE = YES_ERROR;
				CLANG_WARN_DOCUMENTATION_COMMENTS = YES;
				CLANG_WARN_EMPTY_BODY = YES;
				CLANG_WARN_ENUM_CONVERSION = YES;
				CLANG_WARN_INFINITE_RECURSION = YES;
				CLANG_WARN_INT_CONVERSION = YES;
				CLANG_WARN_NON_LITERAL_NULL_CONVERSION = YES;
				CLANG_WARN_OBJC_IMPLICIT_RETAIN_SELF = YES;
				CLANG_WARN_OBJC_LITERAL_CONVERSION = YES;
				CLANG_WARN_OBJC_ROOT_CLASS = YES_ERROR;
				CLANG_WARN_QUOTED_INCLUDE_IN_FRAMEWORK_HEADER = YES;
				CLANG_WARN_RANGE_LOOP_ANALYSIS = YES;
				CLANG_WARN_STRICT_PROTOTYPES = YES;
				CLANG_WARN_SUSPICIOUS_MOVE = YES;
				CLANG_WARN_UNGUARDED_AVAILABILITY = YES_AGGRESSIVE;
				CLANG_WARN_UNREACHABLE_CODE = YES;
				CLANG_WARN__DUPLICATE_METHOD_MATCH = YES;
				COPY_PHASE_STRIP = NO;
				DEBUG_INFORMATION_FORMAT = dwarf;
				ENABLE_STRICT_OBJC_MSGSEND = YES;
				ENABLE_TESTABILITY = YES;
				GCC_C_LANGUAGE_STANDARD = gnu11;
				GCC_DYNAMIC_NO_PIC = NO;
				GCC_NO_COMMON_BLOCKS = YES;
				GCC_OPTIMIZATION_LEVEL = 0;
				GCC_PREPROCESSOR_DEFINITIONS = (
					"DEBUG=1",
					"$(inherited)",
				);
				GCC_WARN_64_TO_32_BIT_CONVERSION = YES;
				GCC_WARN_ABOUT_RETURN_TYPE = YES_ERROR;
				GCC_WARN_UNDECLARED_SELECTOR = YES;
				GCC_WARN_UNINITIALIZED_AUTOS = YES_AGGRESSIVE;
				GCC_WARN_UNUSED_FUNCTION = YES;
				GCC_WARN_UNUSED_VARIABLE = YES;
				LIBRARY_SEARCH_PATHS = "";
				MACOSX_DEPLOYMENT_TARGET = 13.3;
				MTL_ENABLE_DEBUG_INFO = INCLUDE_SOURCE;
				MTL_FAST_MATH = YES;
				ONLY_ACTIVE_ARCH = YES;
				SDKROOT = macosx;
			};
			name = Debug;
		};
		1A27474E29F74689003F818B /* Release */ = {
			isa = XCBuildConfiguration;
			buildSettings = {
				ALWAYS_SEARCH_USER_PATHS = NO;
				CLANG_ANALYZER_NONNULL = YES;
				CLANG_ANALYZER_NUMBER_OBJECT_CONVERSION = YES_AGGRESSIVE;
				CLANG_CXX_LANGUAGE_STANDARD = "gnu++20";
				CLANG_ENABLE_MODULES = YES;
				CLANG_ENABLE_OBJC_ARC = YES;
				CLANG_ENABLE_OBJC_WEAK = YES;
				CLANG_WARN_BLOCK_CAPTURE_AUTORELEASING = YES;
				CLANG_WARN_BOOL_CONVERSION = YES;
				CLANG_WARN_COMMA = YES;
				CLANG_WARN_CONSTANT_CONVERSION = YES;
				CLANG_WARN_DEPRECATED_OBJC_IMPLEMENTATIONS = YES;
				CLANG_WARN_DIRECT_OBJC_ISA_USAGE = YES_ERROR;
				CLANG_WARN_DOCUMENTATION_COMMENTS = YES;
				CLANG_WARN_EMPTY_BODY = YES;
				CLANG_WARN_ENUM_CONVERSION = YES;
				CLANG_WARN_INFINITE_RECURSION = YES;
				CLANG_WARN_INT_CONVERSION = YES;
				CLANG_WARN_NON_LITERAL_NULL_CONVERSION = YES;
				CLANG_WARN_OBJC_IMPLICIT_RETAIN_SELF = YES;
				CLANG_WARN_OBJC_LITERAL_CONVERSION = YES;
				CLANG_WARN_OBJC_ROOT_CLASS = YES_ERROR;
				CLANG_WARN_QUOTED_INCLUDE_IN_FRAMEWORK_HEADER = YES;
				CLANG_WARN_RANGE_LOOP_ANALYSIS = YES;
				CLANG_WARN_STRICT_PROTOTYPES = YES;
				CLANG_WARN_SUSPICIOUS_MOVE = YES;
				CLANG_WARN_UNGUARDED_AVAILABILITY = YES_AGGRESSIVE;
				CLANG_WARN_UNREACHABLE_CODE = YES;
				CLANG_WARN__DUPLICATE_METHOD_MATCH = YES;
				COPY_PHASE_STRIP = NO;
				DEBUG_INFORMATION_FORMAT = "dwarf-with-dsym";
				ENABLE_NS_ASSERTIONS = NO;
				ENABLE_STRICT_OBJC_MSGSEND = YES;
				GCC_C_LANGUAGE_STANDARD = gnu11;
				GCC_NO_COMMON_BLOCKS = YES;
				GCC_WARN_64_TO_32_BIT_CONVERSION = YES;
				GCC_WARN_ABOUT_RETURN_TYPE = YES_ERROR;
				GCC_WARN_UNDECLARED_SELECTOR = YES;
				GCC_WARN_UNINITIALIZED_AUTOS = YES_AGGRESSIVE;
				GCC_WARN_UNUSED_FUNCTION = YES;
				GCC_WARN_UNUSED_VARIABLE = YES;
				LIBRARY_SEARCH_PATHS = "";
				MACOSX_DEPLOYMENT_TARGET = 13.3;
				MTL_ENABLE_DEBUG_INFO = NO;
				MTL_FAST_MATH = YES;
				SDKROOT = macosx;
			};
			name = Release;
		};
		1A27475029F74689003F818B /* Debug */ = {
			isa = XCBuildConfiguration;
			buildSettings = {
				ASSETCATALOG_COMPILER_APPICON_NAME = AppIcon;
				ASSETCATALOG_COMPILER_GLOBAL_ACCENT_COLOR_NAME = AccentColor;
				CODE_SIGN_ENTITLEMENTS = TextKit/TextKit.entitlements;
				CODE_SIGN_STYLE = Automatic;
				COMBINE_HIDPI_IMAGES = YES;
				CURRENT_PROJECT_VERSION = 1;
				GENERATE_INFOPLIST_FILE = YES;
				INFOPLIST_KEY_NSHumanReadableCopyright = "";
				INFOPLIST_KEY_NSMainStoryboardFile = Main;
				INFOPLIST_KEY_NSPrincipalClass = NSApplication;
				LD_RUNPATH_SEARCH_PATHS = (
					"$(inherited)",
					"@executable_path/../Frameworks",
				);
				LIBRARY_SEARCH_PATHS = (
					"$(inherited)",
					/opt/homebrew/lib,
				);
				MARKETING_VERSION = 1.0;
				OTHER_LDFLAGS = "-lfreetype";
				PRODUCT_BUNDLE_IDENTIFIER = me.miclin.TextKit;
				PRODUCT_NAME = "$(TARGET_NAME)";
				SWIFT_EMIT_LOC_STRINGS = YES;
				SYSTEM_HEADER_SEARCH_PATHS = "/opt/homebrew/Cellar/freetype/**";
				USER_HEADER_SEARCH_PATHS = "$(PROJECT_DIR)/CGL/**";
			};
			name = Debug;
		};
		1A27475129F74689003F818B /* Release */ = {
			isa = XCBuildConfiguration;
			buildSettings = {
				ASSETCATALOG_COMPILER_APPICON_NAME = AppIcon;
				ASSETCATALOG_COMPILER_GLOBAL_ACCENT_COLOR_NAME = AccentColor;
				CODE_SIGN_ENTITLEMENTS = TextKit/TextKit.entitlements;
				CODE_SIGN_STYLE = Automatic;
				COMBINE_HIDPI_IMAGES = YES;
				CURRENT_PROJECT_VERSION = 1;
				GENERATE_INFOPLIST_FILE = YES;
				INFOPLIST_KEY_NSHumanReadableCopyright = "";
				INFOPLIST_KEY_NSMainStoryboardFile = Main;
				INFOPLIST_KEY_NSPrincipalClass = NSApplication;
				LD_RUNPATH_SEARCH_PATHS = (
					"$(inherited)",
					"@executable_path/../Frameworks",
				);
				LIBRARY_SEARCH_PATHS = (
					"$(inherited)",
					/opt/homebrew/lib,
				);
				MARKETING_VERSION = 1.0;
				OTHER_LDFLAGS = "-lfreetype";
				PRODUCT_BUNDLE_IDENTIFIER = me.miclin.TextKit;
				PRODUCT_NAME = "$(TARGET_NAME)";
				SWIFT_EMIT_LOC_STRINGS = YES;
				SYSTEM_HEADER_SEARCH_PATHS = "/opt/homebrew/Cellar/freetype/**";
				USER_HEADER_SEARCH_PATHS = "$(PROJECT_DIR)/CGL/**";
			};
			name = Release;
		};
/* End XCBuildConfiguration section */

/* Begin XCConfigurationList section */
		1A27473729F74688003F818B /* Build configuration list for PBXProject "TextKit" */ = {
			isa = XCConfigurationList;
			buildConfigurations = (
				1A27474D29F74689003F818B /* Debug */,
				1A27474E29F74689003F818B /* Release */,
			);
			defaultConfigurationIsVisible = 0;
			defaultConfigurationName = Release;
		};
		1A27474F29F74689003F818B /* Build configuration list for PBXNativeTarget "TextKit" */ = {
			isa = XCConfigurationList;
			buildConfigurations = (
				1A27475029F74689003F818B /* Debug */,
				1A27475129F74689003F818B /* Release */,
			);
			defaultConfigurationIsVisible = 0;
			defaultConfigurationName = Release;
		};
/* End XCConfigurationList section */
	};
	rootObject = 1A27473429F74688003F818B /* Project object */;
}
