// !$*UTF8*$!
{
	archiveVersion = 1;
	classes = {
	};
	objectVersion = 56;
	objects = {

/* Begin PBXBuildFile section */
		1A27474129F74688003F818B /* AppDelegate.m in Sources */ = {isa = PBXBuildFile; fileRef = 1A27474029F74688003F818B /* AppDelegate.m */; };
		1A27474429F74688003F818B /* ViewController.m in Sources */ = {isa = PBXBuildFile; fileRef = 1A27474329F74688003F818B /* ViewController.m */; };
		1A27474629F74689003F818B /* Assets.xcassets in Resources */ = {isa = PBXBuildFile; fileRef = 1A27474529F74689003F818B /* Assets.xcassets */; };
		1A27474929F74689003F818B /* Main.storyboard in Resources */ = {isa = PBXBuildFile; fileRef = 1A27474729F74689003F818B /* Main.storyboard */; };
		1A27474B29F74689003F818B /* main.m in Sources */ = {isa = PBXBuildFile; fileRef = 1A27474A29F74689003F818B /* main.m */; };
		8B4FC64D0FB4A546DF6B698D /* Pods_TextKit.framework in Frameworks */ = {isa = PBXBuildFile; fileRef = ADF78524224FBF88E8350726 /* Pods_TextKit.framework */; };
/* End PBXBuildFile section */

/* Begin PBXFileReference section */
		1A27473C29F74688003F818B /* TextKit.app */ = {isa = PBXFileReference; explicitFileType = wrapper.application; includeInIndex = 0; path = TextKit.app; sourceTree = BUILT_PRODUCTS_DIR; };
		1A27473F29F74688003F818B /* AppDelegate.h */ = {isa = PBXFileReference; lastKnownFileType = sourcecode.c.h; path = AppDelegate.h; sourceTree = "<group>"; };
		1A27474029F74688003F818B /* AppDelegate.m */ = {isa = PBXFileReference; lastKnownFileType = sourcecode.c.objc; path = AppDelegate.m; sourceTree = "<group>"; };
		1A27474229F74688003F818B /* ViewController.h */ = {isa = PBXFileReference; lastKnownFileType = sourcecode.c.h; path = ViewController.h; sourceTree = "<group>"; };
		1A27474329F74688003F818B /* ViewController.m */ = {isa = PBXFileReference; lastKnownFileType = sourcecode.c.objc; path = ViewController.m; sourceTree = "<group>"; };
		1A27474529F74689003F818B /* Assets.xcassets */ = {isa = PBXFileReference; lastKnownFileType = folder.assetcatalog; path = Assets.xcassets; sourceTree = "<group>"; };
		1A27474829F74689003F818B /* Base */ = {isa = PBXFileReference; lastKnownFileType = file.storyboard; name = Base; path = Base.lproj/Main.storyboard; sourceTree = "<group>"; };
		1A27474A29F74689003F818B /* main.m */ = {isa = PBXFileReference; lastKnownFileType = sourcecode.c.objc; path = main.m; sourceTree = "<group>"; };
		1A27474C29F74689003F818B /* TextKit.entitlements */ = {isa = PBXFileReference; lastKnownFileType = text.plist.entitlements; path = TextKit.entitlements; sourceTree = "<group>"; };
		2D295B39F4FCD16F4F410E7F /* Pods-TextKit.debug.xcconfig */ = {isa = PBXFileReference; includeInIndex = 1; lastKnownFileType = text.xcconfig; name = "Pods-TextKit.debug.xcconfig"; path = "Target Support Files/Pods-TextKit/Pods-TextKit.debug.xcconfig"; sourceTree = "<group>"; };
		ADF78524224FBF88E8350726 /* Pods_TextKit.framework */ = {isa = PBXFileReference; explicitFileType = wrapper.framework; includeInIndex = 0; path = Pods_TextKit.framework; sourceTree = BUILT_PRODUCTS_DIR; };
		D87758FAE2D0143FBCD90CDB /* Pods-TextKit.release.xcconfig */ = {isa = PBXFileReference; includeInIndex = 1; lastKnownFileType = text.xcconfig; name = "Pods-TextKit.release.xcconfig"; path = "Target Support Files/Pods-TextKit/Pods-TextKit.release.xcconfig"; sourceTree = "<group>"; };
		F05303DB29F761EC005107A8 /* MyOpenGLView.h */ = {isa = PBXFileReference; lastKnownFileType = sourcecode.c.h; path = MyOpenGLView.h; sourceTree = "<group>"; };
/* End PBXFileReference section */

/* Begin PBXFrameworksBuildPhase section */
		1A27473929F74688003F818B /* Frameworks */ = {
			isa = PBXFrameworksBuildPhase;
			buildActionMask = 2147483647;
			files = (
				8B4FC64D0FB4A546DF6B698D /* Pods_TextKit.framework in Frameworks */,
			);
			runOnlyForDeploymentPostprocessing = 0;
		};
/* End PBXFrameworksBuildPhase section */

/* Begin PBXGroup section */
		010A7124B0D467376C7D9C2E /* Frameworks */ = {
			isa = PBXGroup;
			children = (
				ADF78524224FBF88E8350726 /* Pods_TextKit.framework */,
			);
			name = Frameworks;
			sourceTree = "<group>";
		};
		1A27473329F74688003F818B = {
			isa = PBXGroup;
			children = (
				1A27473E29F74688003F818B /* TextKit */,
				1A27473D29F74688003F818B /* Products */,
				A8BF4C6F01418CAB6C5284FF /* Pods */,
				010A7124B0D467376C7D9C2E /* Frameworks */,
			);
			sourceTree = "<group>";
		};
		1A27473D29F74688003F818B /* Products */ = {
			isa = PBXGroup;
			children = (
				1A27473C29F74688003F818B /* TextKit.app */,
			);
			name = Products;
			sourceTree = "<group>";
		};
		1A27473E29F74688003F818B /* TextKit */ = {
			isa = PBXGroup;
			children = (
				F05303DB29F761EC005107A8 /* MyOpenGLView.h */,
				1A27473F29F74688003F818B /* AppDelegate.h */,
				1A27474029F74688003F818B /* AppDelegate.m */,
				1A27474229F74688003F818B /* ViewController.h */,
				1A27474329F74688003F818B /* ViewController.m */,
				1A27474529F74689003F818B /* Assets.xcassets */,
				1A27474729F74689003F818B /* Main.storyboard */,
				1A27474A29F74689003F818B /* main.m */,
				1A27474C29F74689003F818B /* TextKit.entitlements */,
			);
			path = TextKit;
			sourceTree = "<group>";
		};
		A8BF4C6F01418CAB6C5284FF /* Pods */ = {
			isa = PBXGroup;
			children = (
				2D295B39F4FCD16F4F410E7F /* Pods-TextKit.debug.xcconfig */,
				D87758FAE2D0143FBCD90CDB /* Pods-TextKit.release.xcconfig */,
			);
			path = Pods;
			sourceTree = "<group>";
		};
/* End PBXGroup section */

/* Begin PBXNativeTarget section */
		1A27473B29F74688003F818B /* TextKit */ = {
			isa = PBXNativeTarget;
			buildConfigurationList = 1A27474F29F74689003F818B /* Build configuration list for PBXNativeTarget "TextKit" */;
			buildPhases = (
				02A3823D335961D66996F4A7 /* [CP] Check Pods Manifest.lock */,
				1A27473829F74688003F818B /* Sources */,
				1A27473929F74688003F818B /* Frameworks */,
				1A27473A29F74688003F818B /* Resources */,
			);
			buildRules = (
			);
			dependencies = (
			);
			name = TextKit;
			productName = TextKit;
			productReference = 1A27473C29F74688003F818B /* TextKit.app */;
			productType = "com.apple.product-type.application";
		};
/* End PBXNativeTarget section */

/* Begin PBXProject section */
		1A27473429F74688003F818B /* Project object */ = {
			isa = PBXProject;
			attributes = {
				BuildIndependentTargetsInParallel = 1;
				LastUpgradeCheck = 1430;
				TargetAttributes = {
					1A27473B29F74688003F818B = {
						CreatedOnToolsVersion = 14.3;
					};
				};
			};
			buildConfigurationList = 1A27473729F74688003F818B /* Build configuration list for PBXProject "TextKit" */;
			compatibilityVersion = "Xcode 14.0";
			developmentRegion = en;
			hasScannedForEncodings = 0;
			knownRegions = (
				en,
				Base,
			);
			mainGroup = 1A27473329F74688003F818B;
			productRefGroup = 1A27473D29F74688003F818B /* Products */;
			projectDirPath = "";
			projectRoot = "";
			targets = (
				1A27473B29F74688003F818B /* TextKit */,
			);
		};
/* End PBXProject section */

/* Begin PBXResourcesBuildPhase section */
		1A27473A29F74688003F818B /* Resources */ = {
			isa = PBXResourcesBuildPhase;
			buildActionMask = 2147483647;
			files = (
				1A27474629F74689003F818B /* Assets.xcassets in Resources */,
				1A27474929F74689003F818B /* Main.storyboard in Resources */,
			);
			runOnlyForDeploymentPostprocessing = 0;
		};
/* End PBXResourcesBuildPhase section */

/* Begin PBXShellScriptBuildPhase section */
		02A3823D335961D66996F4A7 /* [CP] Check Pods Manifest.lock */ = {
			isa = PBXShellScriptBuildPhase;
			buildActionMask = 2147483647;
			files = (
			);
			inputFileListPaths = (
			);
			inputPaths = (
				"${PODS_PODFILE_DIR_PATH}/Podfile.lock",
				"${PODS_ROOT}/Manifest.lock",
			);
			name = "[CP] Check Pods Manifest.lock";
			outputFileListPaths = (
			);
			outputPaths = (
				"$(DERIVED_FILE_DIR)/Pods-TextKit-checkManifestLockResult.txt",
			);
			runOnlyForDeploymentPostprocessing = 0;
			shellPath = /bin/sh;
			shellScript = "diff \"${PODS_PODFILE_DIR_PATH}/Podfile.lock\" \"${PODS_ROOT}/Manifest.lock\" > /dev/null\nif [ $? != 0 ] ; then\n    # print error to STDERR\n    echo \"error: The sandbox is not in sync with the Podfile.lock. Run 'pod install' or update your CocoaPods installation.\" >&2\n    exit 1\nfi\n# This output is used by Xcode 'outputs' to avoid re-running this script phase.\necho \"SUCCESS\" > \"${SCRIPT_OUTPUT_FILE_0}\"\n";
			showEnvVarsInLog = 0;
		};
/* End PBXShellScriptBuildPhase section */

/* Begin PBXSourcesBuildPhase section */
		1A27473829F74688003F818B /* Sources */ = {
			isa = PBXSourcesBuildPhase;
			buildActionMask = 2147483647;
			files = (
				1A27474429F74688003F818B /* ViewController.m in Sources */,
				1A27474B29F74689003F818B /* main.m in Sources */,
				1A27474129F74688003F818B /* AppDelegate.m in Sources */,
			);
			runOnlyForDeploymentPostprocessing = 0;
		};
/* End PBXSourcesBuildPhase section */

/* Begin PBXVariantGroup section */
		1A27474729F74689003F818B /* Main.storyboard */ = {
			isa = PBXVariantGroup;
			children = (
				1A27474829F74689003F818B /* Base */,
			);
			name = Main.storyboard;
			sourceTree = "<group>";
		};
/* End PBXVariantGroup section */

/* Begin XCBuildConfiguration section */
		1A27474D29F74689003F818B /* Debug */ = {
			isa = XCBuildConfiguration;
			buildSettings = {
				ALWAYS_SEARCH_USER_PATHS = NO;
				CLANG_ANALYZER_NONNULL = YES;
				CLANG_ANALYZER_NUMBER_OBJECT_CONVERSION = YES_AGGRESSIVE;
				CLANG_CXX_LANGUAGE_STANDARD = "gnu++20";
				CLANG_ENABLE_MODULES = YES;
				CLANG_ENABLE_OBJC_ARC = YES;
				CLANG_ENABLE_OBJC_WEAK = YES;
				CLANG_WARN_BLOCK_CAPTURE_AUTORELEASING = YES;
				CLANG_WARN_BOOL_CONVERSION = YES;
				CLANG_WARN_COMMA = YES;
				CLANG_WARN_CONSTANT_CONVERSION = YES;
				CLANG_WARN_DEPRECATED_OBJC_IMPLEMENTATIONS = YES;
				CLANG_WARN_DIRECT_OBJC_ISA_USAGE = YES_ERROR;
				CLANG_WARN_DOCUMENTATION_COMMENTS = YES;
				CLANG_WARN_EMPTY_BODY = YES;
				CLANG_WARN_ENUM_CONVERSION = YES;
				CLANG_WARN_INFINITE_RECURSION = YES;
				CLANG_WARN_INT_CONVERSION = YES;
				CLANG_WARN_NON_LITERAL_NULL_CONVERSION = YES;
				CLANG_WARN_OBJC_IMPLICIT_RETAIN_SELF = YES;
				CLANG_WARN_OBJC_LITERAL_CONVERSION = YES;
				CLANG_WARN_OBJC_ROOT_CLASS = YES_ERROR;
				CLANG_WARN_QUOTED_INCLUDE_IN_FRAMEWORK_HEADER = YES;
				CLANG_WARN_RANGE_LOOP_ANALYSIS = YES;
				CLANG_WARN_STRICT_PROTOTYPES = YES;
				CLANG_WARN_SUSPICIOUS_MOVE = YES;
				CLANG_WARN_UNGUARDED_AVAILABILITY = YES_AGGRESSIVE;
				CLANG_WARN_UNREACHABLE_CODE = YES;
				CLANG_WARN__DUPLICATE_METHOD_MATCH = YES;
				COPY_PHASE_STRIP = NO;
				DEBUG_INFORMATION_FORMAT = dwarf;
				ENABLE_STRICT_OBJC_MSGSEND = YES;
				ENABLE_TESTABILITY = YES;
				GCC_C_LANGUAGE_STANDARD = gnu11;
				GCC_DYNAMIC_NO_PIC = NO;
				GCC_NO_COMMON_BLOCKS = YES;
				GCC_OPTIMIZATION_LEVEL = 0;
				GCC_PREPROCESSOR_DEFINITIONS = (
					"DEBUG=1",
					"$(inherited)",
				);
				GCC_WARN_64_TO_32_BIT_CONVERSION = YES;
				GCC_WARN_ABOUT_RETURN_TYPE = YES_ERROR;
				GCC_WARN_UNDECLARED_SELECTOR = YES;
				GCC_WARN_UNINITIALIZED_AUTOS = YES_AGGRESSIVE;
				GCC_WARN_UNUSED_FUNCTION = YES;
				GCC_WARN_UNUSED_VARIABLE = YES;
				MACOSX_DEPLOYMENT_TARGET = 13.3;
				MTL_ENABLE_DEBUG_INFO = INCLUDE_SOURCE;
				MTL_FAST_MATH = YES;
				ONLY_ACTIVE_ARCH = YES;
				SDKROOT = macosx;
			};
			name = Debug;
		};
		1A27474E29F74689003F818B /* Release */ = {
			isa = XCBuildConfiguration;
			buildSettings = {
				ALWAYS_SEARCH_USER_PATHS = NO;
				CLANG_ANALYZER_NONNULL = YES;
				CLANG_ANALYZER_NUMBER_OBJECT_CONVERSION = YES_AGGRESSIVE;
				CLANG_CXX_LANGUAGE_STANDARD = "gnu++20";
				CLANG_ENABLE_MODULES = YES;
				CLANG_ENABLE_OBJC_ARC = YES;
				CLANG_ENABLE_OBJC_WEAK = YES;
				CLANG_WARN_BLOCK_CAPTURE_AUTORELEASING = YES;
				CLANG_WARN_BOOL_CONVERSION = YES;
				CLANG_WARN_COMMA = YES;
				CLANG_WARN_CONSTANT_CONVERSION = YES;
				CLANG_WARN_DEPRECATED_OBJC_IMPLEMENTATIONS = YES;
				CLANG_WARN_DIRECT_OBJC_ISA_USAGE = YES_ERROR;
				CLANG_WARN_DOCUMENTATION_COMMENTS = YES;
				CLANG_WARN_EMPTY_BODY = YES;
				CLANG_WARN_ENUM_CONVERSION = YES;
				CLANG_WARN_INFINITE_RECURSION = YES;
				CLANG_WARN_INT_CONVERSION = YES;
				CLANG_WARN_NON_LITERAL_NULL_CONVERSION = YES;
				CLANG_WARN_OBJC_IMPLICIT_RETAIN_SELF = YES;
				CLANG_WARN_OBJC_LITERAL_CONVERSION = YES;
				CLANG_WARN_OBJC_ROOT_CLASS = YES_ERROR;
				CLANG_WARN_QUOTED_INCLUDE_IN_FRAMEWORK_HEADER = YES;
				CLANG_WARN_RANGE_LOOP_ANALYSIS = YES;
				CLANG_WARN_STRICT_PROTOTYPES = YES;
				CLANG_WARN_SUSPICIOUS_MOVE = YES;
				CLANG_WARN_UNGUARDED_AVAILABILITY = YES_AGGRESSIVE;
				CLANG_WARN_UNREACHABLE_CODE = YES;
				CLANG_WARN__DUPLICATE_METHOD_MATCH = YES;
				COPY_PHASE_STRIP = NO;
				DEBUG_INFORMATION_FORMAT = "dwarf-with-dsym";
				ENABLE_NS_ASSERTIONS = NO;
				ENABLE_STRICT_OBJC_MSGSEND = YES;
				GCC_C_LANGUAGE_STANDARD = gnu11;
				GCC_NO_COMMON_BLOCKS = YES;
				GCC_WARN_64_TO_32_BIT_CONVERSION = YES;
				GCC_WARN_ABOUT_RETURN_TYPE = YES_ERROR;
				GCC_WARN_UNDECLARED_SELECTOR = YES;
				GCC_WARN_UNINITIALIZED_AUTOS = YES_AGGRESSIVE;
				GCC_WARN_UNUSED_FUNCTION = YES;
				GCC_WARN_UNUSED_VARIABLE = YES;
				MACOSX_DEPLOYMENT_TARGET = 13.3;
				MTL_ENABLE_DEBUG_INFO = NO;
				MTL_FAST_MATH = YES;
				SDKROOT = macosx;
			};
			name = Release;
		};
		1A27475029F74689003F818B /* Debug */ = {
			isa = XCBuildConfiguration;
			baseConfigurationReference = 2D295B39F4FCD16F4F410E7F /* Pods-TextKit.debug.xcconfig */;
			buildSettings = {
				ASSETCATALOG_COMPILER_APPICON_NAME = AppIcon;
				ASSETCATALOG_COMPILER_GLOBAL_ACCENT_COLOR_NAME = AccentColor;
				CODE_SIGN_ENTITLEMENTS = TextKit/TextKit.entitlements;
				CODE_SIGN_STYLE = Automatic;
				COMBINE_HIDPI_IMAGES = YES;
				CURRENT_PROJECT_VERSION = 1;
				GENERATE_INFOPLIST_FILE = YES;
				INFOPLIST_KEY_NSHumanReadableCopyright = "";
				INFOPLIST_KEY_NSMainStoryboardFile = Main;
				INFOPLIST_KEY_NSPrincipalClass = NSApplication;
				LD_RUNPATH_SEARCH_PATHS = (
					"$(inherited)",
					"@executable_path/../Frameworks",
				);
				MACOSX_DEPLOYMENT_TARGET = 13.1;
				MARKETING_VERSION = 1.0;
				PRODUCT_BUNDLE_IDENTIFIER = me.miclin.TextKit;
				PRODUCT_NAME = "$(TARGET_NAME)";
				SWIFT_EMIT_LOC_STRINGS = YES;
			};
			name = Debug;
		};
		1A27475129F74689003F818B /* Release */ = {
			isa = XCBuildConfiguration;
			baseConfigurationReference = D87758FAE2D0143FBCD90CDB /* Pods-TextKit.release.xcconfig */;
			buildSettings = {
				ASSETCATALOG_COMPILER_APPICON_NAME = AppIcon;
				ASSETCATALOG_COMPILER_GLOBAL_ACCENT_COLOR_NAME = AccentColor;
				CODE_SIGN_ENTITLEMENTS = TextKit/TextKit.entitlements;
				CODE_SIGN_STYLE = Automatic;
				COMBINE_HIDPI_IMAGES = YES;
				CURRENT_PROJECT_VERSION = 1;
				GENERATE_INFOPLIST_FILE = YES;
				INFOPLIST_KEY_NSHumanReadableCopyright = "";
				INFOPLIST_KEY_NSMainStoryboardFile = Main;
				INFOPLIST_KEY_NSPrincipalClass = NSApplication;
				LD_RUNPATH_SEARCH_PATHS = (
					"$(inherited)",
					"@executable_path/../Frameworks",
				);
				MACOSX_DEPLOYMENT_TARGET = 13.1;
				MARKETING_VERSION = 1.0;
				PRODUCT_BUNDLE_IDENTIFIER = me.miclin.TextKit;
				PRODUCT_NAME = "$(TARGET_NAME)";
				SWIFT_EMIT_LOC_STRINGS = YES;
			};
			name = Release;
		};
/* End XCBuildConfiguration section */

/* Begin XCConfigurationList section */
		1A27473729F74688003F818B /* Build configuration list for PBXProject "TextKit" */ = {
			isa = XCConfigurationList;
			buildConfigurations = (
				1A27474D29F74689003F818B /* Debug */,
				1A27474E29F74689003F818B /* Release */,
			);
			defaultConfigurationIsVisible = 0;
			defaultConfigurationName = Release;
		};
		1A27474F29F74689003F818B /* Build configuration list for PBXNativeTarget "TextKit" */ = {
			isa = XCConfigurationList;
			buildConfigurations = (
				1A27475029F74689003F818B /* Debug */,
				1A27475129F74689003F818B /* Release */,
			);
			defaultConfigurationIsVisible = 0;
			defaultConfigurationName = Release;
		};
/* End XCConfigurationList section */
	};
	rootObject = 1A27473429F74688003F818B /* Project object */;
}
